
Microsoft Visual Studio Solution File, Format Version 12.00
# Visual Studio 15
VisualStudioVersion = 15.0.28307.1267
MinimumVisualStudioVersion = 10.0.40219.1
Project("{FAE04EC0-301F-11D3-BF4B-00C04F79EFBC}") = "Classdiagram", "Classdiagram\Classdiagram.csproj", "{CF94F49D-5E37-4F98-BEF2-C1B79B58385F}"
EndProject
Global
	GlobalSection(SolutionConfigurationPlatforms) = preSolution
		Debug|Any CPU = Debug|Any CPU
		Release|Any CPU = Release|Any CPU
	EndGlobalSection
	GlobalSection(ProjectConfigurationPlatforms) = postSolution
		{CF94F49D-5E37-4F98-BEF2-C1B79B58385F}.Debug|Any CPU.ActiveCfg = Debug|Any CPU
		{CF94F49D-5E37-4F98-BEF2-C1B79B58385F}.Debug|Any CPU.Build.0 = Debug|Any CPU
		{CF94F49D-5E37-4F98-BEF2-C1B79B58385F}.Release|Any CPU.ActiveCfg = Release|Any CPU
		{CF94F49D-5E37-4F98-BEF2-C1B79B58385F}.Release|Any CPU.Build.0 = Release|Any CPU
	EndGlobalSection
	GlobalSection(SolutionProperties) = preSolution
		HideSolutionNode = FALSE
	EndGlobalSection
	GlobalSection(ExtensibilityGlobals) = postSolution
		SolutionGuid = {629CEE5F-B809-4397-A06E-BDD14A8488C5}
	EndGlobalSection
EndGlobal
